
Microsoft Visual Studio Solution File, Format Version 12.00
# Visual Studio Version 17
VisualStudioVersion = 17.5.2.0
MinimumVisualStudioVersion = 10.0.40219.1
Project("{FAE04EC0-301F-11D3-BF4B-00C04F79EFBC}") = "AplicacaoBancaria", "AplicacaoBancaria.csproj", "{98459A42-01A5-B8C6-2644-3B1A4F91F733}"
EndProject
Project("{FAE04EC0-301F-11D3-BF4B-00C04F79EFBC}") = "AplicacaoBancaria.Tests", "..\AplicacaoBancaria.Tests\AplicacaoBancaria.Tests.csproj", "{2C898B41-B79C-43FC-BCE0-B85E5B334975}"
EndProject
Project("{2150E333-8FDC-42A3-9474-1A3956D46DE8}") = "Itens de Solução", "Itens de Solução", "{380A7511-A354-6D7A-0CC0-8FA1F1BA7B6C}"
	ProjectSection(SolutionItems) = preProject
		.gitignore = .gitignore
	EndProjectSection
EndProject
Global
	GlobalSection(SolutionConfigurationPlatforms) = preSolution
		Debug|Any CPU = Debug|Any CPU
		Release|Any CPU = Release|Any CPU
	EndGlobalSection
	GlobalSection(ProjectConfigurationPlatforms) = postSolution
		{98459A42-01A5-B8C6-2644-3B1A4F91F733}.Debug|Any CPU.ActiveCfg = Debug|Any CPU
		{98459A42-01A5-B8C6-2644-3B1A4F91F733}.Debug|Any CPU.Build.0 = Debug|Any CPU
		{98459A42-01A5-B8C6-2644-3B1A4F91F733}.Release|Any CPU.ActiveCfg = Release|Any CPU
		{98459A42-01A5-B8C6-2644-3B1A4F91F733}.Release|Any CPU.Build.0 = Release|Any CPU
		{2C898B41-B79C-43FC-BCE0-B85E5B334975}.Debug|Any CPU.ActiveCfg = Debug|Any CPU
		{2C898B41-B79C-43FC-BCE0-B85E5B334975}.Debug|Any CPU.Build.0 = Debug|Any CPU
		{2C898B41-B79C-43FC-BCE0-B85E5B334975}.Release|Any CPU.ActiveCfg = Release|Any CPU
		{2C898B41-B79C-43FC-BCE0-B85E5B334975}.Release|Any CPU.Build.0 = Release|Any CPU
	EndGlobalSection
	GlobalSection(SolutionProperties) = preSolution
		HideSolutionNode = FALSE
	EndGlobalSection
	GlobalSection(ExtensibilityGlobals) = postSolution
		SolutionGuid = {0B66E6F4-97B4-46E8-8F6E-8083C6F0B8E5}
	EndGlobalSection
EndGlobal
